Microsoft Visual Studio Solution File, Format Version 11.00
# Visual Studio 2008

Project("{8016409C-0FA5-B012-E98D-2FD3D08A0BEC}") = "assignment1", "Assembly-CSharp-firstpass.csproj", "{F939EBB4-D049-0C3E-B19D-7BD5D5EFA4DC}"
EndProject
Project("{8016409C-0FA5-B012-E98D-2FD3D08A0BEC}") = "assignment1", "Assembly-CSharp.csproj", "{97E65EB3-7DE8-BEF0-2BC4-A48152EF8A2D}"
EndProject
Global
	GlobalSection(SolutionConfigurationPlatforms) = preSolution
		Debug|Any CPU = Debug|Any CPU
		Release|Any CPU = Release|Any CPU
	EndGlobalSection
	GlobalSection(ProjectConfigurationPlatforms) = postSolution
		{F939EBB4-D049-0C3E-B19D-7BD5D5EFA4DC}.Debug|Any CPU.ActiveCfg = Debug|Any CPU
		{F939EBB4-D049-0C3E-B19D-7BD5D5EFA4DC}.Debug|Any CPU.Build.0 = Debug|Any CPU
		{F939EBB4-D049-0C3E-B19D-7BD5D5EFA4DC}.Release|Any CPU.ActiveCfg = Release|Any CPU
		{F939EBB4-D049-0C3E-B19D-7BD5D5EFA4DC}.Release|Any CPU.Build.0 = Release|Any CPU
		{97E65EB3-7DE8-BEF0-2BC4-A48152EF8A2D}.Debug|Any CPU.ActiveCfg = Debug|Any CPU
		{97E65EB3-7DE8-BEF0-2BC4-A48152EF8A2D}.Debug|Any CPU.Build.0 = Debug|Any CPU
		{97E65EB3-7DE8-BEF0-2BC4-A48152EF8A2D}.Release|Any CPU.ActiveCfg = Release|Any CPU
		{97E65EB3-7DE8-BEF0-2BC4-A48152EF8A2D}.Release|Any CPU.Build.0 = Release|Any CPU
	EndGlobalSection
	GlobalSection(SolutionProperties) = preSolution
		HideSolutionNode = FALSE
	EndGlobalSection
	GlobalSection(MonoDevelopProperties) = preSolution
		StartupItem = Assembly-CSharp.csproj
	EndGlobalSection
EndGlobal
